// !$*UTF8*$!
{
	archiveVersion = 1;
	classes = {
	};
	objectVersion = 56;
	objects = {

/* Begin PBXBuildFile section */
		3BC2A5822C51786700FFB5DC /* MealsPlanerApp.swift in Sources */ = {isa = PBXBuildFile; fileRef = 3BC2A5812C51786700FFB5DC /* MealsPlanerApp.swift */; };
		3BC2A5842C51786700FFB5DC /* ContentView.swift in Sources */ = {isa = PBXBuildFile; fileRef = 3BC2A5832C51786700FFB5DC /* ContentView.swift */; };
		3BC2A5862C51786A00FFB5DC /* Assets.xcassets in Resources */ = {isa = PBXBuildFile; fileRef = 3BC2A5852C51786A00FFB5DC /* Assets.xcassets */; };
		3BC2A58A2C51786A00FFB5DC /* Preview Assets.xcassets in Resources */ = {isa = PBXBuildFile; fileRef = 3BC2A5892C51786A00FFB5DC /* Preview Assets.xcassets */; };
		3BC2A5942C51786B00FFB5DC /* MealsPlanerTests.swift in Sources */ = {isa = PBXBuildFile; fileRef = 3BC2A5932C51786B00FFB5DC /* MealsPlanerTests.swift */; };
		3BC2A59E2C51786B00FFB5DC /* MealsPlanerUITests.swift in Sources */ = {isa = PBXBuildFile; fileRef = 3BC2A59D2C51786B00FFB5DC /* MealsPlanerUITests.swift */; };
		3BC2A5A02C51786B00FFB5DC /* MealsPlanerUITestsLaunchTests.swift in Sources */ = {isa = PBXBuildFile; fileRef = 3BC2A59F2C51786B00FFB5DC /* MealsPlanerUITestsLaunchTests.swift */; };
/* End PBXBuildFile section */

/* Begin PBXContainerItemProxy section */
		3BC2A5902C51786B00FFB5DC /* PBXContainerItemProxy */ = {
			isa = PBXContainerItemProxy;
			containerPortal = 3BC2A5762C51786700FFB5DC /* Project object */;
			proxyType = 1;
			remoteGlobalIDString = 3BC2A57D2C51786700FFB5DC;
			remoteInfo = MealsPlaner;
		};
		3BC2A59A2C51786B00FFB5DC /* PBXContainerItemProxy */ = {
			isa = PBXContainerItemProxy;
			containerPortal = 3BC2A5762C51786700FFB5DC /* Project object */;
			proxyType = 1;
			remoteGlobalIDString = 3BC2A57D2C51786700FFB5DC;
			remoteInfo = MealsPlaner;
		};
/* End PBXContainerItemProxy section */

/* Begin PBXFileReference section */
		3BC2A57E2C51786700FFB5DC /* MealsPlaner.app */ = {isa = PBXFileReference; explicitFileType = wrapper.application; includeInIndex = 0; path = MealsPlaner.app; sourceTree = BUILT_PRODUCTS_DIR; };
		3BC2A5812C51786700FFB5DC /* MealsPlanerApp.swift */ = {isa = PBXFileReference; lastKnownFileType = sourcecode.swift; path = MealsPlanerApp.swift; sourceTree = "<group>"; };
		3BC2A5832C51786700FFB5DC /* ContentView.swift */ = {isa = PBXFileReference; lastKnownFileType = sourcecode.swift; path = ContentView.swift; sourceTree = "<group>"; };
		3BC2A5852C51786A00FFB5DC /* Assets.xcassets */ = {isa = PBXFileReference; lastKnownFileType = folder.assetcatalog; path = Assets.xcassets; sourceTree = "<group>"; };
		3BC2A5872C51786A00FFB5DC /* MealsPlaner.entitlements */ = {isa = PBXFileReference; lastKnownFileType = text.plist.entitlements; path = MealsPlaner.entitlements; sourceTree = "<group>"; };
		3BC2A5892C51786A00FFB5DC /* Preview Assets.xcassets */ = {isa = PBXFileReference; lastKnownFileType = folder.assetcatalog; path = "Preview Assets.xcassets"; sourceTree = "<group>"; };
		3BC2A58F2C51786B00FFB5DC /* MealsPlanerTests.xctest */ = {isa = PBXFileReference; explicitFileType = wrapper.cfbundle; includeInIndex = 0; path = MealsPlanerTests.xctest; sourceTree = BUILT_PRODUCTS_DIR; };
		3BC2A5932C51786B00FFB5DC /* MealsPlanerTests.swift */ = {isa = PBXFileReference; lastKnownFileType = sourcecode.swift; path = MealsPlanerTests.swift; sourceTree = "<group>"; };
		3BC2A5992C51786B00FFB5DC /* MealsPlanerUITests.xctest */ = {isa = PBXFileReference; explicitFileType = wrapper.cfbundle; includeInIndex = 0; path = MealsPlanerUITests.xctest; sourceTree = BUILT_PRODUCTS_DIR; };
		3BC2A59D2C51786B00FFB5DC /* MealsPlanerUITests.swift */ = {isa = PBXFileReference; lastKnownFileType = sourcecode.swift; path = MealsPlanerUITests.swift; sourceTree = "<group>"; };
		3BC2A59F2C51786B00FFB5DC /* MealsPlanerUITestsLaunchTests.swift */ = {isa = PBXFileReference; lastKnownFileType = sourcecode.swift; path = MealsPlanerUITestsLaunchTests.swift; sourceTree = "<group>"; };
/* End PBXFileReference section */

/* Begin PBXFrameworksBuildPhase section */
		3BC2A57B2C51786700FFB5DC /* Frameworks */ = {
			isa = PBXFrameworksBuildPhase;
			buildActionMask = 2147483647;
			files = (
			);
			runOnlyForDeploymentPostprocessing = 0;
		};
		3BC2A58C2C51786B00FFB5DC /* Frameworks */ = {
			isa = PBXFrameworksBuildPhase;
			buildActionMask = 2147483647;
			files = (
			);
			runOnlyForDeploymentPostprocessing = 0;
		};
		3BC2A5962C51786B00FFB5DC /* Frameworks */ = {
			isa = PBXFrameworksBuildPhase;
			buildActionMask = 2147483647;
			files = (
			);
			runOnlyForDeploymentPostprocessing = 0;
		};
/* End PBXFrameworksBuildPhase section */

/* Begin PBXGroup section */
		3BC2A5752C51786700FFB5DC = {
			isa = PBXGroup;
			children = (
				3BC2A5802C51786700FFB5DC /* MealsPlaner */,
				3BC2A5922C51786B00FFB5DC /* MealsPlanerTests */,
				3BC2A59C2C51786B00FFB5DC /* MealsPlanerUITests */,
				3BC2A57F2C51786700FFB5DC /* Products */,
			);
			sourceTree = "<group>";
		};
		3BC2A57F2C51786700FFB5DC /* Products */ = {
			isa = PBXGroup;
			children = (
				3BC2A57E2C51786700FFB5DC /* MealsPlaner.app */,
				3BC2A58F2C51786B00FFB5DC /* MealsPlanerTests.xctest */,
				3BC2A5992C51786B00FFB5DC /* MealsPlanerUITests.xctest */,
			);
			name = Products;
			sourceTree = "<group>";
		};
		3BC2A5802C51786700FFB5DC /* MealsPlaner */ = {
			isa = PBXGroup;
			children = (
				3BC2A5812C51786700FFB5DC /* MealsPlanerApp.swift */,
				3BC2A5832C51786700FFB5DC /* ContentView.swift */,
				3BC2A5852C51786A00FFB5DC /* Assets.xcassets */,
				3BC2A5872C51786A00FFB5DC /* MealsPlaner.entitlements */,
				3BC2A5882C51786A00FFB5DC /* Preview Content */,
			);
			path = MealsPlaner;
			sourceTree = "<group>";
		};
		3BC2A5882C51786A00FFB5DC /* Preview Content */ = {
			isa = PBXGroup;
			children = (
				3BC2A5892C51786A00FFB5DC /* Preview Assets.xcassets */,
			);
			path = "Preview Content";
			sourceTree = "<group>";
		};
		3BC2A5922C51786B00FFB5DC /* MealsPlanerTests */ = {
			isa = PBXGroup;
			children = (
				3BC2A5932C51786B00FFB5DC /* MealsPlanerTests.swift */,
			);
			path = MealsPlanerTests;
			sourceTree = "<group>";
		};
		3BC2A59C2C51786B00FFB5DC /* MealsPlanerUITests */ = {
			isa = PBXGroup;
			children = (
				3BC2A59D2C51786B00FFB5DC /* MealsPlanerUITests.swift */,
				3BC2A59F2C51786B00FFB5DC /* MealsPlanerUITestsLaunchTests.swift */,
			);
			path = MealsPlanerUITests;
			sourceTree = "<group>";
		};
/* End PBXGroup section */

/* Begin PBXNativeTarget section */
		3BC2A57D2C51786700FFB5DC /* MealsPlaner */ = {
			isa = PBXNativeTarget;
			buildConfigurationList = 3BC2A5A32C51786B00FFB5DC /* Build configuration list for PBXNativeTarget "MealsPlaner" */;
			buildPhases = (
				3BC2A57A2C51786700FFB5DC /* Sources */,
				3BC2A57B2C51786700FFB5DC /* Frameworks */,
				3BC2A57C2C51786700FFB5DC /* Resources */,
			);
			buildRules = (
			);
			dependencies = (
			);
			name = MealsPlaner;
			productName = MealsPlaner;
			productReference = 3BC2A57E2C51786700FFB5DC /* MealsPlaner.app */;
			productType = "com.apple.product-type.application";
		};
		3BC2A58E2C51786B00FFB5DC /* MealsPlanerTests */ = {
			isa = PBXNativeTarget;
			buildConfigurationList = 3BC2A5A62C51786B00FFB5DC /* Build configuration list for PBXNativeTarget "MealsPlanerTests" */;
			buildPhases = (
				3BC2A58B2C51786B00FFB5DC /* Sources */,
				3BC2A58C2C51786B00FFB5DC /* Frameworks */,
				3BC2A58D2C51786B00FFB5DC /* Resources */,
			);
			buildRules = (
			);
			dependencies = (
				3BC2A5912C51786B00FFB5DC /* PBXTargetDependency */,
			);
			name = MealsPlanerTests;
			productName = MealsPlanerTests;
			productReference = 3BC2A58F2C51786B00FFB5DC /* MealsPlanerTests.xctest */;
			productType = "com.apple.product-type.bundle.unit-test";
		};
		3BC2A5982C51786B00FFB5DC /* MealsPlanerUITests */ = {
			isa = PBXNativeTarget;
			buildConfigurationList = 3BC2A5A92C51786B00FFB5DC /* Build configuration list for PBXNativeTarget "MealsPlanerUITests" */;
			buildPhases = (
				3BC2A5952C51786B00FFB5DC /* Sources */,
				3BC2A5962C51786B00FFB5DC /* Frameworks */,
				3BC2A5972C51786B00FFB5DC /* Resources */,
			);
			buildRules = (
			);
			dependencies = (
				3BC2A59B2C51786B00FFB5DC /* PBXTargetDependency */,
			);
			name = MealsPlanerUITests;
			productName = MealsPlanerUITests;
			productReference = 3BC2A5992C51786B00FFB5DC /* MealsPlanerUITests.xctest */;
			productType = "com.apple.product-type.bundle.ui-testing";
		};
/* End PBXNativeTarget section */

/* Begin PBXProject section */
		3BC2A5762C51786700FFB5DC /* Project object */ = {
			isa = PBXProject;
			attributes = {
				BuildIndependentTargetsInParallel = 1;
				LastSwiftUpdateCheck = 1540;
				LastUpgradeCheck = 1540;
				TargetAttributes = {
					3BC2A57D2C51786700FFB5DC = {
						CreatedOnToolsVersion = 15.4;
					};
					3BC2A58E2C51786B00FFB5DC = {
						CreatedOnToolsVersion = 15.4;
						TestTargetID = 3BC2A57D2C51786700FFB5DC;
					};
					3BC2A5982C51786B00FFB5DC = {
						CreatedOnToolsVersion = 15.4;
						TestTargetID = 3BC2A57D2C51786700FFB5DC;
					};
				};
			};
			buildConfigurationList = 3BC2A5792C51786700FFB5DC /* Build configuration list for PBXProject "MealsPlaner" */;
			compatibilityVersion = "Xcode 14.0";
			developmentRegion = en;
			hasScannedForEncodings = 0;
			knownRegions = (
				en,
				Base,
			);
			mainGroup = 3BC2A5752C51786700FFB5DC;
			productRefGroup = 3BC2A57F2C51786700FFB5DC /* Products */;
			projectDirPath = "";
			projectRoot = "";
			targets = (
				3BC2A57D2C51786700FFB5DC /* MealsPlaner */,
				3BC2A58E2C51786B00FFB5DC /* MealsPlanerTests */,
				3BC2A5982C51786B00FFB5DC /* MealsPlanerUITests */,
			);
		};
/* End PBXProject section */

/* Begin PBXResourcesBuildPhase section */
		3BC2A57C2C51786700FFB5DC /* Resources */ = {
			isa = PBXResourcesBuildPhase;
			buildActionMask = 2147483647;
			files = (
				3BC2A58A2C51786A00FFB5DC /* Preview Assets.xcassets in Resources */,
				3BC2A5862C51786A00FFB5DC /* Assets.xcassets in Resources */,
			);
			runOnlyForDeploymentPostprocessing = 0;
		};
		3BC2A58D2C51786B00FFB5DC /* Resources */ = {
			isa = PBXResourcesBuildPhase;
			buildActionMask = 2147483647;
			files = (
			);
			runOnlyForDeploymentPostprocessing = 0;
		};
		3BC2A5972C51786B00FFB5DC /* Resources */ = {
			isa = PBXResourcesBuildPhase;
			buildActionMask = 2147483647;
			files = (
			);
			runOnlyForDeploymentPostprocessing = 0;
		};
/* End PBXResourcesBuildPhase section */

/* Begin PBXSourcesBuildPhase section */
		3BC2A57A2C51786700FFB5DC /* Sources */ = {
			isa = PBXSourcesBuildPhase;
			buildActionMask = 2147483647;
			files = (
				3BC2A5842C51786700FFB5DC /* ContentView.swift in Sources */,
				3BC2A5822C51786700FFB5DC /* MealsPlanerApp.swift in Sources */,
			);
			runOnlyForDeploymentPostprocessing = 0;
		};
		3BC2A58B2C51786B00FFB5DC /* Sources */ = {
			isa = PBXSourcesBuildPhase;
			buildActionMask = 2147483647;
			files = (
				3BC2A5942C51786B00FFB5DC /* MealsPlanerTests.swift in Sources */,
			);
			runOnlyForDeploymentPostprocessing = 0;
		};
		3BC2A5952C51786B00FFB5DC /* Sources */ = {
			isa = PBXSourcesBuildPhase;
			buildActionMask = 2147483647;
			files = (
				3BC2A59E2C51786B00FFB5DC /* MealsPlanerUITests.swift in Sources */,
				3BC2A5A02C51786B00FFB5DC /* MealsPlanerUITestsLaunchTests.swift in Sources */,
			);
			runOnlyForDeploymentPostprocessing = 0;
		};
/* End PBXSourcesBuildPhase section */

/* Begin PBXTargetDependency section */
		3BC2A5912C51786B00FFB5DC /* PBXTargetDependency */ = {
			isa = PBXTargetDependency;
			target = 3BC2A57D2C51786700FFB5DC /* MealsPlaner */;
			targetProxy = 3BC2A5902C51786B00FFB5DC /* PBXContainerItemProxy */;
		};
		3BC2A59B2C51786B00FFB5DC /* PBXTargetDependency */ = {
			isa = PBXTargetDependency;
			target = 3BC2A57D2C51786700FFB5DC /* MealsPlaner */;
			targetProxy = 3BC2A59A2C51786B00FFB5DC /* PBXContainerItemProxy */;
		};
/* End PBXTargetDependency section */

/* Begin XCBuildConfiguration section */
		3BC2A5A12C51786B00FFB5DC /* Debug */ = {
			isa = XCBuildConfiguration;
			buildSettings = {
				ALWAYS_SEARCH_USER_PATHS = NO;
				ASSETCATALOG_COMPILER_GENERATE_SWIFT_ASSET_SYMBOL_EXTENSIONS = YES;
				CLANG_ANALYZER_NONNULL = YES;
				CLANG_ANALYZER_NUMBER_OBJECT_CONVERSION = YES_AGGRESSIVE;
				CLANG_CXX_LANGUAGE_STANDARD = "gnu++20";
				CLANG_ENABLE_MODULES = YES;
				CLANG_ENABLE_OBJC_ARC = YES;
				CLANG_ENABLE_OBJC_WEAK = YES;
				CLANG_WARN_BLOCK_CAPTURE_AUTORELEASING = YES;
				CLANG_WARN_BOOL_CONVERSION = YES;
				CLANG_WARN_COMMA = YES;
				CLANG_WARN_CONSTANT_CONVERSION = YES;
				CLANG_WARN_DEPRECATED_OBJC_IMPLEMENTATIONS = YES;
				CLANG_WARN_DIRECT_OBJC_ISA_USAGE = YES_ERROR;
				CLANG_WARN_DOCUMENTATION_COMMENTS = YES;
				CLANG_WARN_EMPTY_BODY = YES;
				CLANG_WARN_ENUM_CONVERSION = YES;
				CLANG_WARN_INFINITE_RECURSION = YES;
				CLANG_WARN_INT_CONVERSION = YES;
				CLANG_WARN_NON_LITERAL_NULL_CONVERSION = YES;
				CLANG_WARN_OBJC_IMPLICIT_RETAIN_SELF = YES;
				CLANG_WARN_OBJC_LITERAL_CONVERSION = YES;
				CLANG_WARN_OBJC_ROOT_CLASS = YES_ERROR;
				CLANG_WARN_QUOTED_INCLUDE_IN_FRAMEWORK_HEADER = YES;
				CLANG_WARN_RANGE_LOOP_ANALYSIS = YES;
				CLANG_WARN_STRICT_PROTOTYPES = YES;
				CLANG_WARN_SUSPICIOUS_MOVE = YES;
				CLANG_WARN_UNGUARDED_AVAILABILITY = YES_AGGRESSIVE;
				CLANG_WARN_UNREACHABLE_CODE = YES;
				CLANG_WARN__DUPLICATE_METHOD_MATCH = YES;
				COPY_PHASE_STRIP = NO;
				DEBUG_INFORMATION_FORMAT = dwarf;
				ENABLE_STRICT_OBJC_MSGSEND = YES;
				ENABLE_TESTABILITY = YES;
				ENABLE_USER_SCRIPT_SANDBOXING = YES;
				GCC_C_LANGUAGE_STANDARD = gnu17;
				GCC_DYNAMIC_NO_PIC = NO;
				GCC_NO_COMMON_BLOCKS = YES;
				GCC_OPTIMIZATION_LEVEL = 0;
				GCC_PREPROCESSOR_DEFINITIONS = (
					"DEBUG=1",
					"$(inherited)",
				);
				GCC_WARN_64_TO_32_BIT_CONVERSION = YES;
				GCC_WARN_ABOUT_RETURN_TYPE = YES_ERROR;
				GCC_WARN_UNDECLARED_SELECTOR = YES;
				GCC_WARN_UNINITIALIZED_AUTOS = YES_AGGRESSIVE;
				GCC_WARN_UNUSED_FUNCTION = YES;
				GCC_WARN_UNUSED_VARIABLE = YES;
				LOCALIZATION_PREFERS_STRING_CATALOGS = YES;
				MTL_ENABLE_DEBUG_INFO = INCLUDE_SOURCE;
				MTL_FAST_MATH = YES;
				ONLY_ACTIVE_ARCH = YES;
				SWIFT_ACTIVE_COMPILATION_CONDITIONS = "DEBUG $(inherited)";
				SWIFT_OPTIMIZATION_LEVEL = "-Onone";
			};
			name = Debug;
		};
		3BC2A5A22C51786B00FFB5DC /* Release */ = {
			isa = XCBuildConfiguration;
			buildSettings = {
				ALWAYS_SEARCH_USER_PATHS = NO;
				ASSETCATALOG_COMPILER_GENERATE_SWIFT_ASSET_SYMBOL_EXTENSIONS = YES;
				CLANG_ANALYZER_NONNULL = YES;
				CLANG_ANALYZER_NUMBER_OBJECT_CONVERSION = YES_AGGRESSIVE;
				CLANG_CXX_LANGUAGE_STANDARD = "gnu++20";
				CLANG_ENABLE_MODULES = YES;
				CLANG_ENABLE_OBJC_ARC = YES;
				CLANG_ENABLE_OBJC_WEAK = YES;
				CLANG_WARN_BLOCK_CAPTURE_AUTORELEASING = YES;
				CLANG_WARN_BOOL_CONVERSION = YES;
				CLANG_WARN_COMMA = YES;
				CLANG_WARN_CONSTANT_CONVERSION = YES;
				CLANG_WARN_DEPRECATED_OBJC_IMPLEMENTATIONS = YES;
				CLANG_WARN_DIRECT_OBJC_ISA_USAGE = YES_ERROR;
				CLANG_WARN_DOCUMENTATION_COMMENTS = YES;
				CLANG_WARN_EMPTY_BODY = YES;
				CLANG_WARN_ENUM_CONVERSION = YES;
				CLANG_WARN_INFINITE_RECURSION = YES;
				CLANG_WARN_INT_CONVERSION = YES;
				CLANG_WARN_NON_LITERAL_NULL_CONVERSION = YES;
				CLANG_WARN_OBJC_IMPLICIT_RETAIN_SELF = YES;
				CLANG_WARN_OBJC_LITERAL_CONVERSION = YES;
				CLANG_WARN_OBJC_ROOT_CLASS = YES_ERROR;
				CLANG_WARN_QUOTED_INCLUDE_IN_FRAMEWORK_HEADER = YES;
				CLANG_WARN_RANGE_LOOP_ANALYSIS = YES;
				CLANG_WARN_STRICT_PROTOTYPES = YES;
				CLANG_WARN_SUSPICIOUS_MOVE = YES;
				CLANG_WARN_UNGUARDED_AVAILABILITY = YES_AGGRESSIVE;
				CLANG_WARN_UNREACHABLE_CODE = YES;
				CLANG_WARN__DUPLICATE_METHOD_MATCH = YES;
				COPY_PHASE_STRIP = NO;
				DEBUG_INFORMATION_FORMAT = "dwarf-with-dsym";
				ENABLE_NS_ASSERTIONS = NO;
				ENABLE_STRICT_OBJC_MSGSEND = YES;
				ENABLE_USER_SCRIPT_SANDBOXING = YES;
				GCC_C_LANGUAGE_STANDARD = gnu17;
				GCC_NO_COMMON_BLOCKS = YES;
				GCC_WARN_64_TO_32_BIT_CONVERSION = YES;
				GCC_WARN_ABOUT_RETURN_TYPE = YES_ERROR;
				GCC_WARN_UNDECLARED_SELECTOR = YES;
				GCC_WARN_UNINITIALIZED_AUTOS = YES_AGGRESSIVE;
				GCC_WARN_UNUSED_FUNCTION = YES;
				GCC_WARN_UNUSED_VARIABLE = YES;
				LOCALIZATION_PREFERS_STRING_CATALOGS = YES;
				MTL_ENABLE_DEBUG_INFO = NO;
				MTL_FAST_MATH = YES;
				SWIFT_COMPILATION_MODE = wholemodule;
			};
			name = Release;
		};
		3BC2A5A42C51786B00FFB5DC /* Debug */ = {
			isa = XCBuildConfiguration;
			buildSettings = {
				ASSETCATALOG_COMPILER_APPICON_NAME = AppIcon;
				ASSETCATALOG_COMPILER_GLOBAL_ACCENT_COLOR_NAME = AccentColor;
				CODE_SIGN_ENTITLEMENTS = MealsPlaner/MealsPlaner.entitlements;
				CODE_SIGN_STYLE = Automatic;
				CURRENT_PROJECT_VERSION = 1;
				DEVELOPMENT_ASSET_PATHS = "\"MealsPlaner/Preview Content\"";
				ENABLE_PREVIEWS = YES;
				GENERATE_INFOPLIST_FILE = YES;
				"INFOPLIST_KEY_UIApplicationSceneManifest_Generation[sdk=iphoneos*]" = YES;
				"INFOPLIST_KEY_UIApplicationSceneManifest_Generation[sdk=iphonesimulator*]" = YES;
				"INFOPLIST_KEY_UIApplicationSupportsIndirectInputEvents[sdk=iphoneos*]" = YES;
				"INFOPLIST_KEY_UIApplicationSupportsIndirectInputEvents[sdk=iphonesimulator*]" = YES;
				"INFOPLIST_KEY_UILaunchScreen_Generation[sdk=iphoneos*]" = YES;
				"INFOPLIST_KEY_UILaunchScreen_Generation[sdk=iphonesimulator*]" = YES;
				"INFOPLIST_KEY_UIStatusBarStyle[sdk=iphoneos*]" = UIStatusBarStyleDefault;
				"INFOPLIST_KEY_UIStatusBarStyle[sdk=iphonesimulator*]" = UIStatusBarStyleDefault;
				INFOPLIST_KEY_UISupportedInterfaceOrientations_iPad = "UIInterfaceOrientationPortrait UIInterfaceOrientationPortraitUpsideDown UIInterfaceOrientationLandscapeLeft UIInterfaceOrientationLandscapeRight";
				INFOPLIST_KEY_UISupportedInterfaceOrientations_iPhone = "UIInterfaceOrientationPortrait UIInterfaceOrientationLandscapeLeft UIInterfaceOrientationLandscapeRight";
				IPHONEOS_DEPLOYMENT_TARGET = 17.5;
				LD_RUNPATH_SEARCH_PATHS = "@executable_path/Frameworks";
				"LD_RUNPATH_SEARCH_PATHS[sdk=macosx*]" = "@executable_path/../Frameworks";
				MACOSX_DEPLOYMENT_TARGET = 14.5;
				MARKETING_VERSION = 1.0;
				PRODUCT_BUNDLE_IDENTIFIER = com.meals.planer.MealsPlaner;
				PRODUCT_NAME = "$(TARGET_NAME)";
				SDKROOT = auto;
				SUPPORTED_PLATFORMS = "iphoneos iphonesimulator macosx";
				SWIFT_EMIT_LOC_STRINGS = YES;
				SWIFT_VERSION = 5.0;
				TARGETED_DEVICE_FAMILY = "1,2";
			};
			name = Debug;
		};
		3BC2A5A52C51786B00FFB5DC /* Release */ = {
			isa = XCBuildConfiguration;
			buildSettings = {
				ASSETCATALOG_COMPILER_APPICON_NAME = AppIcon;
				ASSETCATALOG_COMPILER_GLOBAL_ACCENT_COLOR_NAME = AccentColor;
				CODE_SIGN_ENTITLEMENTS = MealsPlaner/MealsPlaner.entitlements;
				CODE_SIGN_STYLE = Automatic;
				CURRENT_PROJECT_VERSION = 1;
				DEVELOPMENT_ASSET_PATHS = "\"MealsPlaner/Preview Content\"";
				ENABLE_PREVIEWS = YES;
				GENERATE_INFOPLIST_FILE = YES;
				"INFOPLIST_KEY_UIApplicationSceneManifest_Generation[sdk=iphoneos*]" = YES;
				"INFOPLIST_KEY_UIApplicationSceneManifest_Generation[sdk=iphonesimulator*]" = YES;
				"INFOPLIST_KEY_UIApplicationSupportsIndirectInputEvents[sdk=iphoneos*]" = YES;
				"INFOPLIST_KEY_UIApplicationSupportsIndirectInputEvents[sdk=iphonesimulator*]" = YES;
				"INFOPLIST_KEY_UILaunchScreen_Generation[sdk=iphoneos*]" = YES;
				"INFOPLIST_KEY_UILaunchScreen_Generation[sdk=iphonesimulator*]" = YES;
				"INFOPLIST_KEY_UIStatusBarStyle[sdk=iphoneos*]" = UIStatusBarStyleDefault;
				"INFOPLIST_KEY_UIStatusBarStyle[sdk=iphonesimulator*]" = UIStatusBarStyleDefault;
				INFOPLIST_KEY_UISupportedInterfaceOrientations_iPad = "UIInterfaceOrientationPortrait UIInterfaceOrientationPortraitUpsideDown UIInterfaceOrientationLandscapeLeft UIInterfaceOrientationLandscapeRight";
				INFOPLIST_KEY_UISupportedInterfaceOrientations_iPhone = "UIInterfaceOrientationPortrait UIInterfaceOrientationLandscapeLeft UIInterfaceOrientationLandscapeRight";
				IPHONEOS_DEPLOYMENT_TARGET = 17.5;
				LD_RUNPATH_SEARCH_PATHS = "@executable_path/Frameworks";
				"LD_RUNPATH_SEARCH_PATHS[sdk=macosx*]" = "@executable_path/../Frameworks";
				MACOSX_DEPLOYMENT_TARGET = 14.5;
				MARKETING_VERSION = 1.0;
				PRODUCT_BUNDLE_IDENTIFIER = com.meals.planer.MealsPlaner;
				PRODUCT_NAME = "$(TARGET_NAME)";
				SDKROOT = auto;
				SUPPORTED_PLATFORMS = "iphoneos iphonesimulator macosx";
				SWIFT_EMIT_LOC_STRINGS = YES;
				SWIFT_VERSION = 5.0;
				TARGETED_DEVICE_FAMILY = "1,2";
			};
			name = Release;
		};
		3BC2A5A72C51786B00FFB5DC /* Debug */ = {
			isa = XCBuildConfiguration;
			buildSettings = {
				ALWAYS_EMBED_SWIFT_STANDARD_LIBRARIES = YES;
				BUNDLE_LOADER = "$(TEST_HOST)";
				CODE_SIGN_STYLE = Automatic;
				CURRENT_PROJECT_VERSION = 1;
				GENERATE_INFOPLIST_FILE = YES;
				IPHONEOS_DEPLOYMENT_TARGET = 17.5;
				MACOSX_DEPLOYMENT_TARGET = 14.5;
				MARKETING_VERSION = 1.0;
				PRODUCT_BUNDLE_IDENTIFIER = com.meals.planer.MealsPlanerTests;
				PRODUCT_NAME = "$(TARGET_NAME)";
				SDKROOT = auto;
				SUPPORTED_PLATFORMS = "iphoneos iphonesimulator macosx";
				SWIFT_EMIT_LOC_STRINGS = NO;
				SWIFT_VERSION = 5.0;
				TARGETED_DEVICE_FAMILY = "1,2";
				TEST_HOST = "$(BUILT_PRODUCTS_DIR)/MealsPlaner.app/$(BUNDLE_EXECUTABLE_FOLDER_PATH)/MealsPlaner";
			};
			name = Debug;
		};
		3BC2A5A82C51786B00FFB5DC /* Release */ = {
			isa = XCBuildConfiguration;
			buildSettings = {
				ALWAYS_EMBED_SWIFT_STANDARD_LIBRARIES = YES;
				BUNDLE_LOADER = "$(TEST_HOST)";
				CODE_SIGN_STYLE = Automatic;
				CURRENT_PROJECT_VERSION = 1;
				GENERATE_INFOPLIST_FILE = YES;
				IPHONEOS_DEPLOYMENT_TARGET = 17.5;
				MACOSX_DEPLOYMENT_TARGET = 14.5;
				MARKETING_VERSION = 1.0;
				PRODUCT_BUNDLE_IDENTIFIER = com.meals.planer.MealsPlanerTests;
				PRODUCT_NAME = "$(TARGET_NAME)";
				SDKROOT = auto;
				SUPPORTED_PLATFORMS = "iphoneos iphonesimulator macosx";
				SWIFT_EMIT_LOC_STRINGS = NO;
				SWIFT_VERSION = 5.0;
				TARGETED_DEVICE_FAMILY = "1,2";
				TEST_HOST = "$(BUILT_PRODUCTS_DIR)/MealsPlaner.app/$(BUNDLE_EXECUTABLE_FOLDER_PATH)/MealsPlaner";
			};
			name = Release;
		};
		3BC2A5AA2C51786B00FFB5DC /* Debug */ = {
			isa = XCBuildConfiguration;
			buildSettings = {
				ALWAYS_EMBED_SWIFT_STANDARD_LIBRARIES = YES;
				CODE_SIGN_STYLE = Automatic;
				CURRENT_PROJECT_VERSION = 1;
				GENERATE_INFOPLIST_FILE = YES;
				IPHONEOS_DEPLOYMENT_TARGET = 17.5;
				MACOSX_DEPLOYMENT_TARGET = 14.5;
				MARKETING_VERSION = 1.0;
				PRODUCT_BUNDLE_IDENTIFIER = com.meals.planer.MealsPlanerUITests;
				PRODUCT_NAME = "$(TARGET_NAME)";
				SDKROOT = auto;
				SUPPORTED_PLATFORMS = "iphoneos iphonesimulator macosx";
				SWIFT_EMIT_LOC_STRINGS = NO;
				SWIFT_VERSION = 5.0;
				TARGETED_DEVICE_FAMILY = "1,2";
				TEST_TARGET_NAME = MealsPlaner;
			};
			name = Debug;
		};
		3BC2A5AB2C51786B00FFB5DC /* Release */ = {
			isa = XCBuildConfiguration;
			buildSettings = {
				ALWAYS_EMBED_SWIFT_STANDARD_LIBRARIES = YES;
				CODE_SIGN_STYLE = Automatic;
				CURRENT_PROJECT_VERSION = 1;
				GENERATE_INFOPLIST_FILE = YES;
				IPHONEOS_DEPLOYMENT_TARGET = 17.5;
				MACOSX_DEPLOYMENT_TARGET = 14.5;
				MARKETING_VERSION = 1.0;
				PRODUCT_BUNDLE_IDENTIFIER = com.meals.planer.MealsPlanerUITests;
				PRODUCT_NAME = "$(TARGET_NAME)";
				SDKROOT = auto;
				SUPPORTED_PLATFORMS = "iphoneos iphonesimulator macosx";
				SWIFT_EMIT_LOC_STRINGS = NO;
				SWIFT_VERSION = 5.0;
				TARGETED_DEVICE_FAMILY = "1,2";
				TEST_TARGET_NAME = MealsPlaner;
			};
			name = Release;
		};
/* End XCBuildConfiguration section */

/* Begin XCConfigurationList section */
		3BC2A5792C51786700FFB5DC /* Build configuration list for PBXProject "MealsPlaner" */ = {
			isa = XCConfigurationList;
			buildConfigurations = (
				3BC2A5A12C51786B00FFB5DC /* Debug */,
				3BC2A5A22C51786B00FFB5DC /* Release */,
			);
			defaultConfigurationIsVisible = 0;
			defaultConfigurationName = Release;
		};
		3BC2A5A32C51786B00FFB5DC /* Build configuration list for PBXNativeTarget "MealsPlaner" */ = {
			isa = XCConfigurationList;
			buildConfigurations = (
				3BC2A5A42C51786B00FFB5DC /* Debug */,
				3BC2A5A52C51786B00FFB5DC /* Release */,
			);
			defaultConfigurationIsVisible = 0;
			defaultConfigurationName = Release;
		};
		3BC2A5A62C51786B00FFB5DC /* Build configuration list for PBXNativeTarget "MealsPlanerTests" */ = {
			isa = XCConfigurationList;
			buildConfigurations = (
				3BC2A5A72C51786B00FFB5DC /* Debug */,
				3BC2A5A82C51786B00FFB5DC /* Release */,
			);
			defaultConfigurationIsVisible = 0;
			defaultConfigurationName = Release;
		};
		3BC2A5A92C51786B00FFB5DC /* Build configuration list for PBXNativeTarget "MealsPlanerUITests" */ = {
			isa = XCConfigurationList;
			buildConfigurations = (
				3BC2A5AA2C51786B00FFB5DC /* Debug */,
				3BC2A5AB2C51786B00FFB5DC /* Release */,
			);
			defaultConfigurationIsVisible = 0;
			defaultConfigurationName = Release;
		};
/* End XCConfigurationList section */
	};
	rootObject = 3BC2A5762C51786700FFB5DC /* Project object */;
}
